<?xml version="1.0" encoding="utf-8"?>
<Project ToolsVersion="4.0" xmlns="http://schemas.microsoft.com/developer/msbuild/2003">
  <ItemGroup>
    <Filter Include="Pliki źródłowe">
      <UniqueIdentifier>{4FC737F1-C7A5-4376-A066-2A32D752A2FF}</UniqueIdentifier>
      <Extensions>cpp;c;cc;cxx;def;odl;idl;hpj;bat;asm;asmx</Extensions>
    </Filter>
    <Filter Include="Pliki nagłówkowe">
      <UniqueIdentifier>{93995380-89BD-4b04-88EB-625FBE52EBFB}</UniqueIdentifier>
      <Extensions>h;hh;hpp;hxx;hm;inl;inc;ipp;xsd</Extensions>
    </Filter>
    <Filter Include="Pliki zasobów">
      <UniqueIdentifier>{67DA6AB6-F800-4c08-8B7A-83BB121AAD01}</UniqueIdentifier>
      <Extensions>rc;ico;cur;bmp;dlg;rc2;rct;bin;rgs;gif;jpg;jpeg;jpe;resx;tiff;tif;png;wav;mfcribbon-ms</Extensions>
    </Filter>
    <Filter Include="Pliki źródłowe\Engine">
      <UniqueIdentifier>{6a56bc47-dd30-406b-bfb3-3196af6ba72d}</UniqueIdentifier>
    </Filter>
    <Filter Include="Pliki nagłówkowe\Engine">
      <UniqueIdentifier>{78d77b74-b456-43ca-9d67-ba7498e038d3}</UniqueIdentifier>
    </Filter>
    <Filter Include="Pliki źródłowe\Libs">
      <UniqueIdentifier>{2da82af8-6cb5-4462-ab85-29fc9baf5df8}</UniqueIdentifier>
    </Filter>
    <Filter Include="Pliki nagłówkowe\Libs">
      <UniqueIdentifier>{01838667-513f-4598-9b3f-7e8b1d450f45}</UniqueIdentifier>
    </Filter>
  </ItemGroup>
  <ItemGroup>
    <ClCompile Include="main.cpp">
      <Filter>Pliki źródłowe</Filter>
    </ClCompile>
    <ClCompile Include="Game.cpp">
      <Filter>Pliki źródłowe</Filter>
    </ClCompile>
    <ClCompile Include="TextureManager.cpp">
      <Filter>Pliki źródłowe\Engine</Filter>
    </ClCompile>
    <ClCompile Include="Map.cpp">
      <Filter>Pliki źródłowe\Engine</Filter>
    </ClCompile>
    <ClCompile Include="Player.cpp">
      <Filter>Pliki źródłowe\Engine</Filter>
    </ClCompile>
    <ClCompile Include="Velocity.cpp">
      <Filter>Pliki źródłowe\Engine</Filter>
    </ClCompile>
    <ClCompile Include="Tileset.cpp">
      <Filter>Pliki źródłowe\Engine</Filter>
    </ClCompile>
    <ClCompile Include="tinyxml2.cpp">
      <Filter>Pliki źródłowe\Libs</Filter>
    </ClCompile>
    <ClCompile Include="Sprite.cpp">
      <Filter>Pliki źródłowe\Engine</Filter>
    </ClCompile>
    <ClCompile Include="Tile.cpp">
      <Filter>Pliki źródłowe\Engine</Filter>
    </ClCompile>
    <ClCompile Include="Animation.cpp">
      <Filter>Pliki źródłowe\Engine</Filter>
    </ClCompile>
    <ClCompile Include="Collision.cpp">
      <Filter>Pliki źródłowe\Engine</Filter>
    </ClCompile>
  </ItemGroup>
  <ItemGroup>
    <ClInclude Include="Game.h">
      <Filter>Pliki nagłówkowe</Filter>
    </ClInclude>
    <ClInclude Include="TextureManager.h">
      <Filter>Pliki nagłówkowe\Engine</Filter>
    </ClInclude>
    <ClInclude Include="Map.h">
      <Filter>Pliki nagłówkowe\Engine</Filter>
    </ClInclude>
    <ClInclude Include="Player.h">
      <Filter>Pliki nagłówkowe\Engine</Filter>
    </ClInclude>
    <ClInclude Include="Velocity.h">
      <Filter>Pliki nagłówkowe\Engine</Filter>
    </ClInclude>
    <ClInclude Include="resource.h">
      <Filter>Pliki nagłówkowe</Filter>
    </ClInclude>
    <ClInclude Include="Tileset.h">
      <Filter>Pliki nagłówkowe\Engine</Filter>
    </ClInclude>
    <ClInclude Include="tinyxml2.h">
      <Filter>Pliki nagłówkowe\Libs</Filter>
    </ClInclude>
    <ClInclude Include="Animation.h">
      <Filter>Pliki nagłówkowe\Engine</Filter>
    </ClInclude>
    <ClInclude Include="Sprite.h">
      <Filter>Pliki nagłówkowe\Engine</Filter>
    </ClInclude>
    <ClInclude Include="Tile.h">
      <Filter>Pliki nagłówkowe\Engine</Filter>
    </ClInclude>
    <ClInclude Include="Collision.h">
      <Filter>Pliki nagłówkowe\Engine</Filter>
    </ClInclude>
  </ItemGroup>
  <ItemGroup>
    <Image Include="icon.ico">
      <Filter>Pliki zasobów</Filter>
    </Image>
  </ItemGroup>
  <ItemGroup>
    <ResourceCompile Include="Resource.rc">
      <Filter>Pliki zasobów</Filter>
    </ResourceCompile>
  </ItemGroup>
</Project>